// !$*UTF8*$!
{
	archiveVersion = 1;
	classes = {
	};
	objectVersion = 46;
	objects = {

/* Begin PBXBuildFile section */
		BABC02031D31EF9B009865C0 /* AppDelegate.swift in Sources */ = {isa = PBXBuildFile; fileRef = BABC02021D31EF9B009865C0 /* AppDelegate.swift */; };
		BABC02051D31EF9B009865C0 /* ViewController.swift in Sources */ = {isa = PBXBuildFile; fileRef = BABC02041D31EF9B009865C0 /* ViewController.swift */; };
		BABC02081D31EF9B009865C0 /* Main.storyboard in Resources */ = {isa = PBXBuildFile; fileRef = BABC02061D31EF9B009865C0 /* Main.storyboard */; };
		BABC020A1D31EF9B009865C0 /* Assets.xcassets in Resources */ = {isa = PBXBuildFile; fileRef = BABC02091D31EF9B009865C0 /* Assets.xcassets */; };
		BABC020D1D31EF9B009865C0 /* LaunchScreen.storyboard in Resources */ = {isa = PBXBuildFile; fileRef = BABC020B1D31EF9B009865C0 /* LaunchScreen.storyboard */; };
		BABC02151D31F005009865C0 /* ContactsTableViewController.swift in Sources */ = {isa = PBXBuildFile; fileRef = BABC02141D31F005009865C0 /* ContactsTableViewController.swift */; };
		BABC02171D32CA56009865C0 /* Contact.swift in Sources */ = {isa = PBXBuildFile; fileRef = BABC02161D32CA56009865C0 /* Contact.swift */; };
		BABC02191D32D123009865C0 /* DetailViewController.swift in Sources */ = {isa = PBXBuildFile; fileRef = BABC02181D32D123009865C0 /* DetailViewController.swift */; };
/* End PBXBuildFile section */

/* Begin PBXFileReference section */
		BABC01FF1D31EF9B009865C0 /* Contacts.app */ = {isa = PBXFileReference; explicitFileType = wrapper.application; includeInIndex = 0; path = Contacts.app; sourceTree = BUILT_PRODUCTS_DIR; };
		BABC02021D31EF9B009865C0 /* AppDelegate.swift */ = {isa = PBXFileReference; lastKnownFileType = sourcecode.swift; path = AppDelegate.swift; sourceTree = "<group>"; };
		BABC02041D31EF9B009865C0 /* ViewController.swift */ = {isa = PBXFileReference; lastKnownFileType = sourcecode.swift; path = ViewController.swift; sourceTree = "<group>"; };
		BABC02071D31EF9B009865C0 /* Base */ = {isa = PBXFileReference; lastKnownFileType = file.storyboard; name = Base; path = Base.lproj/Main.storyboard; sourceTree = "<group>"; };
		BABC02091D31EF9B009865C0 /* Assets.xcassets */ = {isa = PBXFileReference; lastKnownFileType = folder.assetcatalog; path = Assets.xcassets; sourceTree = "<group>"; };
		BABC020C1D31EF9B009865C0 /* Base */ = {isa = PBXFileReference; lastKnownFileType = file.storyboard; name = Base; path = Base.lproj/LaunchScreen.storyboard; sourceTree = "<group>"; };
		BABC020E1D31EF9B009865C0 /* Info.plist */ = {isa = PBXFileReference; lastKnownFileType = text.plist.xml; path = Info.plist; sourceTree = "<group>"; };
		BABC02141D31F005009865C0 /* ContactsTableViewController.swift */ = {isa = PBXFileReference; fileEncoding = 4; lastKnownFileType = sourcecode.swift; path = ContactsTableViewController.swift; sourceTree = "<group>"; };
		BABC02161D32CA56009865C0 /* Contact.swift */ = {isa = PBXFileReference; fileEncoding = 4; lastKnownFileType = sourcecode.swift; path = Contact.swift; sourceTree = "<group>"; };
		BABC02181D32D123009865C0 /* DetailViewController.swift */ = {isa = PBXFileReference; fileEncoding = 4; lastKnownFileType = sourcecode.swift; path = DetailViewController.swift; sourceTree = "<group>"; };
/* End PBXFileReference section */

/* Begin PBXFrameworksBuildPhase section */
		BABC01FC1D31EF9B009865C0 /* Frameworks */ = {
			isa = PBXFrameworksBuildPhase;
			buildActionMask = 2147483647;
			files = (
			);
			runOnlyForDeploymentPostprocessing = 0;
		};
/* End PBXFrameworksBuildPhase section */

/* Begin PBXGroup section */
		BABC01F61D31EF9A009865C0 = {
			isa = PBXGroup;
			children = (
				BABC02011D31EF9B009865C0 /* Contacts */,
				BABC02001D31EF9B009865C0 /* Products */,
			);
			sourceTree = "<group>";
		};
		BABC02001D31EF9B009865C0 /* Products */ = {
			isa = PBXGroup;
			children = (
				BABC01FF1D31EF9B009865C0 /* Contacts.app */,
			);
			name = Products;
			sourceTree = "<group>";
		};
		BABC02011D31EF9B009865C0 /* Contacts */ = {
			isa = PBXGroup;
			children = (
				BABC02021D31EF9B009865C0 /* AppDelegate.swift */,
				BABC02041D31EF9B009865C0 /* ViewController.swift */,
				BABC02181D32D123009865C0 /* DetailViewController.swift */,
				BABC02141D31F005009865C0 /* ContactsTableViewController.swift */,
				BABC02161D32CA56009865C0 /* Contact.swift */,
				BABC02061D31EF9B009865C0 /* Main.storyboard */,
				BABC02091D31EF9B009865C0 /* Assets.xcassets */,
				BABC020B1D31EF9B009865C0 /* LaunchScreen.storyboard */,
				BABC020E1D31EF9B009865C0 /* Info.plist */,
			);
			path = Contacts;
			sourceTree = "<group>";
		};
/* End PBXGroup section */

/* Begin PBXNativeTarget section */
		BABC01FE1D31EF9B009865C0 /* Contacts */ = {
			isa = PBXNativeTarget;
			buildConfigurationList = BABC02111D31EF9B009865C0 /* Build configuration list for PBXNativeTarget "Contacts" */;
			buildPhases = (
				BABC01FB1D31EF9B009865C0 /* Sources */,
				BABC01FC1D31EF9B009865C0 /* Frameworks */,
				BABC01FD1D31EF9B009865C0 /* Resources */,
			);
			buildRules = (
			);
			dependencies = (
			);
			name = Contacts;
			productName = Contacts;
			productReference = BABC01FF1D31EF9B009865C0 /* Contacts.app */;
			productType = "com.apple.product-type.application";
		};
/* End PBXNativeTarget section */

/* Begin PBXProject section */
		BABC01F71D31EF9A009865C0 /* Project object */ = {
			isa = PBXProject;
			attributes = {
				LastSwiftUpdateCheck = 0730;
				LastUpgradeCheck = 0730;
				ORGANIZATIONNAME = "Jordan Harvey-Morgan";
				TargetAttributes = {
					BABC01FE1D31EF9B009865C0 = {
						CreatedOnToolsVersion = 7.3.1;
						DevelopmentTeam = C9L43P9G27;
					};
				};
			};
			buildConfigurationList = BABC01FA1D31EF9A009865C0 /* Build configuration list for PBXProject "Contacts" */;
			compatibilityVersion = "Xcode 3.2";
			developmentRegion = English;
			hasScannedForEncodings = 0;
			knownRegions = (
				en,
				Base,
			);
			mainGroup = BABC01F61D31EF9A009865C0;
			productRefGroup = BABC02001D31EF9B009865C0 /* Products */;
			projectDirPath = "";
			projectRoot = "";
			targets = (
				BABC01FE1D31EF9B009865C0 /* Contacts */,
			);
		};
/* End PBXProject section */

/* Begin PBXResourcesBuildPhase section */
		BABC01FD1D31EF9B009865C0 /* Resources */ = {
			isa = PBXResourcesBuildPhase;
			buildActionMask = 2147483647;
			files = (
				BABC020D1D31EF9B009865C0 /* LaunchScreen.storyboard in Resources */,
				BABC020A1D31EF9B009865C0 /* Assets.xcassets in Resources */,
				BABC02081D31EF9B009865C0 /* Main.storyboard in Resources */,
			);
			runOnlyForDeploymentPostprocessing = 0;
		};
/* End PBXResourcesBuildPhase section */

/* Begin PBXSourcesBuildPhase section */
		BABC01FB1D31EF9B009865C0 /* Sources */ = {
			isa = PBXSourcesBuildPhase;
			buildActionMask = 2147483647;
			files = (
				BABC02171D32CA56009865C0 /* Contact.swift in Sources */,
				BABC02051D31EF9B009865C0 /* ViewController.swift in Sources */,
				BABC02191D32D123009865C0 /* DetailViewController.swift in Sources */,
				BABC02031D31EF9B009865C0 /* AppDelegate.swift in Sources */,
				BABC02151D31F005009865C0 /* ContactsTableViewController.swift in Sources */,
			);
			runOnlyForDeploymentPostprocessing = 0;
		};
/* End PBXSourcesBuildPhase section */

/* Begin PBXVariantGroup section */
		BABC02061D31EF9B009865C0 /* Main.storyboard */ = {
			isa = PBXVariantGroup;
			children = (
				BABC02071D31EF9B009865C0 /* Base */,
			);
			name = Main.storyboard;
			sourceTree = "<group>";
		};
		BABC020B1D31EF9B009865C0 /* LaunchScreen.storyboard */ = {
			isa = PBXVariantGroup;
			children = (
				BABC020C1D31EF9B009865C0 /* Base */,
			);
			name = LaunchScreen.storyboard;
			sourceTree = "<group>";
		};
/* End PBXVariantGroup section */

/* Begin XCBuildConfiguration section */
		BABC020F1D31EF9B009865C0 /* Debug */ = {
			isa = XCBuildConfiguration;
			buildSettings = {
				ALWAYS_SEARCH_USER_PATHS = NO;
				CLANG_ANALYZER_NONNULL = YES;
				CLANG_CXX_LANGUAGE_STANDARD = "gnu++0x";
				CLANG_CXX_LIBRARY = "libc++";
				CLANG_ENABLE_MODULES = YES;
				CLANG_ENABLE_OBJC_ARC = YES;
				CLANG_WARN_BOOL_CONVERSION = YES;
				CLANG_WARN_CONSTANT_CONVERSION = YES;
				CLANG_WARN_DIRECT_OBJC_ISA_USAGE = YES_ERROR;
				CLANG_WARN_EMPTY_BODY = YES;
				CLANG_WARN_ENUM_CONVERSION = YES;
				CLANG_WARN_INT_CONVERSION = YES;
				CLANG_WARN_OBJC_ROOT_CLASS = YES_ERROR;
				CLANG_WARN_UNREACHABLE_CODE = YES;
				CLANG_WARN__DUPLICATE_METHOD_MATCH = YES;
				"CODE_SIGN_IDENTITY[sdk=iphoneos*]" = "iPhone Developer";
				COPY_PHASE_STRIP = NO;
				DEBUG_INFORMATION_FORMAT = dwarf;
				ENABLE_STRICT_OBJC_MSGSEND = YES;
				ENABLE_TESTABILITY = YES;
				GCC_C_LANGUAGE_STANDARD = gnu99;
				GCC_DYNAMIC_NO_PIC = NO;
				GCC_NO_COMMON_BLOCKS = YES;
				GCC_OPTIMIZATION_LEVEL = 0;
				GCC_PREPROCESSOR_DEFINITIONS = (
					"DEBUG=1",
					"$(inherited)",
				);
				GCC_WARN_64_TO_32_BIT_CONVERSION = YES;
				GCC_WARN_ABOUT_RETURN_TYPE = YES_ERROR;
				GCC_WARN_UNDECLARED_SELECTOR = YES;
				GCC_WARN_UNINITIALIZED_AUTOS = YES_AGGRESSIVE;
				GCC_WARN_UNUSED_FUNCTION = YES;
				GCC_WARN_UNUSED_VARIABLE = YES;
				IPHONEOS_DEPLOYMENT_TARGET = 9.3;
				MTL_ENABLE_DEBUG_INFO = YES;
				ONLY_ACTIVE_ARCH = YES;
				SDKROOT = iphoneos;
				SWIFT_OPTIMIZATION_LEVEL = "-Onone";
			};
			name = Debug;
		};
		BABC02101D31EF9B009865C0 /* Release */ = {
			isa = XCBuildConfiguration;
			buildSettings = {
				ALWAYS_SEARCH_USER_PATHS = NO;
				CLANG_ANALYZER_NONNULL = YES;
				CLANG_CXX_LANGUAGE_STANDARD = "gnu++0x";
				CLANG_CXX_LIBRARY = "libc++";
				CLANG_ENABLE_MODULES = YES;
				CLANG_ENABLE_OBJC_ARC = YES;
				CLANG_WARN_BOOL_CONVERSION = YES;
				CLANG_WARN_CONSTANT_CONVERSION = YES;
				CLANG_WARN_DIRECT_OBJC_ISA_USAGE = YES_ERROR;
				CLANG_WARN_EMPTY_BODY = YES;
				CLANG_WARN_ENUM_CONVERSION = YES;
				CLANG_WARN_INT_CONVERSION = YES;
				CLANG_WARN_OBJC_ROOT_CLASS = YES_ERROR;
				CLANG_WARN_UNREACHABLE_CODE = YES;
				CLANG_WARN__DUPLICATE_METHOD_MATCH = YES;
				"CODE_SIGN_IDENTITY[sdk=iphoneos*]" = "iPhone Developer";
				COPY_PHASE_STRIP = NO;
				DEBUG_INFORMATION_FORMAT = "dwarf-with-dsym";
				ENABLE_NS_ASSERTIONS = NO;
				ENABLE_STRICT_OBJC_MSGSEND = YES;
				GCC_C_LANGUAGE_STANDARD = gnu99;
				GCC_NO_COMMON_BLOCKS = YES;
				GCC_WARN_64_TO_32_BIT_CONVERSION = YES;
				GCC_WARN_ABOUT_RETURN_TYPE = YES_ERROR;
				GCC_WARN_UNDECLARED_SELECTOR = YES;
				GCC_WARN_UNINITIALIZED_AUTOS = YES_AGGRESSIVE;
				GCC_WARN_UNUSED_FUNCTION = YES;
				GCC_WARN_UNUSED_VARIABLE = YES;
				IPHONEOS_DEPLOYMENT_TARGET = 9.3;
				MTL_ENABLE_DEBUG_INFO = NO;
				SDKROOT = iphoneos;
				VALIDATE_PRODUCT = YES;
			};
			name = Release;
		};
		BABC02121D31EF9B009865C0 /* Debug */ = {
			isa = XCBuildConfiguration;
			buildSettings = {
				ASSETCATALOG_COMPILER_APPICON_NAME = AppIcon;
				INFOPLIST_FILE = Contacts/Info.plist;
				LD_RUNPATH_SEARCH_PATHS = "$(inherited) @executable_path/Frameworks";
				PRODUCT_BUNDLE_IDENTIFIER = com.jharveymorgan.Contacts;
				PRODUCT_NAME = "$(TARGET_NAME)";
			};
			name = Debug;
		};
		BABC02131D31EF9B009865C0 /* Release */ = {
			isa = XCBuildConfiguration;
			buildSettings = {
				ASSETCATALOG_COMPILER_APPICON_NAME = AppIcon;
				INFOPLIST_FILE = Contacts/Info.plist;
				LD_RUNPATH_SEARCH_PATHS = "$(inherited) @executable_path/Frameworks";
				PRODUCT_BUNDLE_IDENTIFIER = com.jharveymorgan.Contacts;
				PRODUCT_NAME = "$(TARGET_NAME)";
			};
			name = Release;
		};
/* End XCBuildConfiguration section */

/* Begin XCConfigurationList section */
		BABC01FA1D31EF9A009865C0 /* Build configuration list for PBXProject "Contacts" */ = {
			isa = XCConfigurationList;
			buildConfigurations = (
				BABC020F1D31EF9B009865C0 /* Debug */,
				BABC02101D31EF9B009865C0 /* Release */,
			);
			defaultConfigurationIsVisible = 0;
			defaultConfigurationName = Release;
		};
		BABC02111D31EF9B009865C0 /* Build configuration list for PBXNativeTarget "Contacts" */ = {
			isa = XCConfigurationList;
			buildConfigurations = (
				BABC02121D31EF9B009865C0 /* Debug */,
				BABC02131D31EF9B009865C0 /* Release */,
			);
			defaultConfigurationIsVisible = 0;
		};
/* End XCConfigurationList section */
	};
	rootObject = BABC01F71D31EF9A009865C0 /* Project object */;
}
